// !$*UTF8*$!
{
	archiveVersion = 1;
	classes = {
	};
	objectVersion = 77;
	objects = {

/* Begin PBXBuildFile section */
		AC74AFE32D05718F00F868E2 /* AlamofireImage in Frameworks */ = {isa = PBXBuildFile; productRef = AC74AFE22D05718F00F868E2 /* AlamofireImage */; };
/* End PBXBuildFile section */

/* Begin PBXContainerItemProxy section */
		AC94EB132CDEB4F6006DA9B6 /* PBXContainerItemProxy */ = {
			isa = PBXContainerItemProxy;
			containerPortal = AC94EAFA2CDEB4EF006DA9B6 /* Project object */;
			proxyType = 1;
			remoteGlobalIDString = AC94EB012CDEB4EF006DA9B6;
			remoteInfo = SimpleWeatherApp;
		};
		AC94EB1D2CDEB4F6006DA9B6 /* PBXContainerItemProxy */ = {
			isa = PBXContainerItemProxy;
			containerPortal = AC94EAFA2CDEB4EF006DA9B6 /* Project object */;
			proxyType = 1;
			remoteGlobalIDString = AC94EB012CDEB4EF006DA9B6;
			remoteInfo = SimpleWeatherApp;
		};
/* End PBXContainerItemProxy section */

/* Begin PBXFileReference section */
		AC94EB022CDEB4EF006DA9B6 /* SimpleWeatherApp.app */ = {isa = PBXFileReference; explicitFileType = wrapper.application; includeInIndex = 0; path = SimpleWeatherApp.app; sourceTree = BUILT_PRODUCTS_DIR; };
		AC94EB122CDEB4F6006DA9B6 /* SimpleWeatherAppTests.xctest */ = {isa = PBXFileReference; explicitFileType = wrapper.cfbundle; includeInIndex = 0; path = SimpleWeatherAppTests.xctest; sourceTree = BUILT_PRODUCTS_DIR; };
		AC94EB1C2CDEB4F6006DA9B6 /* SimpleWeatherAppUITests.xctest */ = {isa = PBXFileReference; explicitFileType = wrapper.cfbundle; includeInIndex = 0; path = SimpleWeatherAppUITests.xctest; sourceTree = BUILT_PRODUCTS_DIR; };
/* End PBXFileReference section */

/* Begin PBXFileSystemSynchronizedRootGroup section */
		AC94EB042CDEB4EF006DA9B6 /* SimpleWeatherApp */ = {
			isa = PBXFileSystemSynchronizedRootGroup;
			path = SimpleWeatherApp;
			sourceTree = "<group>";
		};
		AC94EB152CDEB4F6006DA9B6 /* SimpleWeatherAppTests */ = {
			isa = PBXFileSystemSynchronizedRootGroup;
			path = SimpleWeatherAppTests;
			sourceTree = "<group>";
		};
		AC94EB1F2CDEB4F6006DA9B6 /* SimpleWeatherAppUITests */ = {
			isa = PBXFileSystemSynchronizedRootGroup;
			path = SimpleWeatherAppUITests;
			sourceTree = "<group>";
		};
/* End PBXFileSystemSynchronizedRootGroup section */

/* Begin PBXFrameworksBuildPhase section */
		AC94EAFF2CDEB4EF006DA9B6 /* Frameworks */ = {
			isa = PBXFrameworksBuildPhase;
			buildActionMask = 2147483647;
			files = (
				AC74AFE32D05718F00F868E2 /* AlamofireImage in Frameworks */,
			);
			runOnlyForDeploymentPostprocessing = 0;
		};
		AC94EB0F2CDEB4F6006DA9B6 /* Frameworks */ = {
			isa = PBXFrameworksBuildPhase;
			buildActionMask = 2147483647;
			files = (
			);
			runOnlyForDeploymentPostprocessing = 0;
		};
		AC94EB192CDEB4F6006DA9B6 /* Frameworks */ = {
			isa = PBXFrameworksBuildPhase;
			buildActionMask = 2147483647;
			files = (
			);
			runOnlyForDeploymentPostprocessing = 0;
		};
/* End PBXFrameworksBuildPhase section */

/* Begin PBXGroup section */
		AC94EAF92CDEB4EF006DA9B6 = {
			isa = PBXGroup;
			children = (
				AC94EB042CDEB4EF006DA9B6 /* SimpleWeatherApp */,
				AC94EB152CDEB4F6006DA9B6 /* SimpleWeatherAppTests */,
				AC94EB1F2CDEB4F6006DA9B6 /* SimpleWeatherAppUITests */,
				AC94EB032CDEB4EF006DA9B6 /* Products */,
			);
			sourceTree = "<group>";
		};
		AC94EB032CDEB4EF006DA9B6 /* Products */ = {
			isa = PBXGroup;
			children = (
				AC94EB022CDEB4EF006DA9B6 /* SimpleWeatherApp.app */,
				AC94EB122CDEB4F6006DA9B6 /* SimpleWeatherAppTests.xctest */,
				AC94EB1C2CDEB4F6006DA9B6 /* SimpleWeatherAppUITests.xctest */,
			);
			name = Products;
			sourceTree = "<group>";
		};
/* End PBXGroup section */

/* Begin PBXNativeTarget section */
		AC94EB012CDEB4EF006DA9B6 /* SimpleWeatherApp */ = {
			isa = PBXNativeTarget;
			buildConfigurationList = AC94EB262CDEB4F6006DA9B6 /* Build configuration list for PBXNativeTarget "SimpleWeatherApp" */;
			buildPhases = (
				AC94EAFE2CDEB4EF006DA9B6 /* Sources */,
				AC94EAFF2CDEB4EF006DA9B6 /* Frameworks */,
				AC94EB002CDEB4EF006DA9B6 /* Resources */,
			);
			buildRules = (
			);
			dependencies = (
			);
			fileSystemSynchronizedGroups = (
				AC94EB042CDEB4EF006DA9B6 /* SimpleWeatherApp */,
			);
			name = SimpleWeatherApp;
			packageProductDependencies = (
				AC74AFE22D05718F00F868E2 /* AlamofireImage */,
			);
			productName = SimpleWeatherApp;
			productReference = AC94EB022CDEB4EF006DA9B6 /* SimpleWeatherApp.app */;
			productType = "com.apple.product-type.application";
		};
		AC94EB112CDEB4F6006DA9B6 /* SimpleWeatherAppTests */ = {
			isa = PBXNativeTarget;
			buildConfigurationList = AC94EB292CDEB4F6006DA9B6 /* Build configuration list for PBXNativeTarget "SimpleWeatherAppTests" */;
			buildPhases = (
				AC94EB0E2CDEB4F6006DA9B6 /* Sources */,
				AC94EB0F2CDEB4F6006DA9B6 /* Frameworks */,
				AC94EB102CDEB4F6006DA9B6 /* Resources */,
			);
			buildRules = (
			);
			dependencies = (
				AC94EB142CDEB4F6006DA9B6 /* PBXTargetDependency */,
			);
			fileSystemSynchronizedGroups = (
				AC94EB152CDEB4F6006DA9B6 /* SimpleWeatherAppTests */,
			);
			name = SimpleWeatherAppTests;
			packageProductDependencies = (
			);
			productName = SimpleWeatherAppTests;
			productReference = AC94EB122CDEB4F6006DA9B6 /* SimpleWeatherAppTests.xctest */;
			productType = "com.apple.product-type.bundle.unit-test";
		};
		AC94EB1B2CDEB4F6006DA9B6 /* SimpleWeatherAppUITests */ = {
			isa = PBXNativeTarget;
			buildConfigurationList = AC94EB2C2CDEB4F6006DA9B6 /* Build configuration list for PBXNativeTarget "SimpleWeatherAppUITests" */;
			buildPhases = (
				AC94EB182CDEB4F6006DA9B6 /* Sources */,
				AC94EB192CDEB4F6006DA9B6 /* Frameworks */,
				AC94EB1A2CDEB4F6006DA9B6 /* Resources */,
			);
			buildRules = (
			);
			dependencies = (
				AC94EB1E2CDEB4F6006DA9B6 /* PBXTargetDependency */,
			);
			fileSystemSynchronizedGroups = (
				AC94EB1F2CDEB4F6006DA9B6 /* SimpleWeatherAppUITests */,
			);
			name = SimpleWeatherAppUITests;
			packageProductDependencies = (
			);
			productName = SimpleWeatherAppUITests;
			productReference = AC94EB1C2CDEB4F6006DA9B6 /* SimpleWeatherAppUITests.xctest */;
			productType = "com.apple.product-type.bundle.ui-testing";
		};
/* End PBXNativeTarget section */

/* Begin PBXProject section */
		AC94EAFA2CDEB4EF006DA9B6 /* Project object */ = {
			isa = PBXProject;
			attributes = {
				BuildIndependentTargetsInParallel = 1;
				LastSwiftUpdateCheck = 1610;
				LastUpgradeCheck = 1610;
				TargetAttributes = {
					AC94EB012CDEB4EF006DA9B6 = {
						CreatedOnToolsVersion = 16.1;
					};
					AC94EB112CDEB4F6006DA9B6 = {
						CreatedOnToolsVersion = 16.1;
						TestTargetID = AC94EB012CDEB4EF006DA9B6;
					};
					AC94EB1B2CDEB4F6006DA9B6 = {
						CreatedOnToolsVersion = 16.1;
						TestTargetID = AC94EB012CDEB4EF006DA9B6;
					};
				};
			};
			buildConfigurationList = AC94EAFD2CDEB4EF006DA9B6 /* Build configuration list for PBXProject "SimpleWeatherApp" */;
			developmentRegion = en;
			hasScannedForEncodings = 0;
			knownRegions = (
				en,
				Base,
			);
			mainGroup = AC94EAF92CDEB4EF006DA9B6;
			minimizedProjectReferenceProxies = 1;
			packageReferences = (
				AC619B372D056D7A00292533 /* XCRemoteSwiftPackageReference "AlamofireImage" */,
			);
			preferredProjectObjectVersion = 77;
			productRefGroup = AC94EB032CDEB4EF006DA9B6 /* Products */;
			projectDirPath = "";
			projectRoot = "";
			targets = (
				AC94EB012CDEB4EF006DA9B6 /* SimpleWeatherApp */,
				AC94EB112CDEB4F6006DA9B6 /* SimpleWeatherAppTests */,
				AC94EB1B2CDEB4F6006DA9B6 /* SimpleWeatherAppUITests */,
			);
		};
/* End PBXProject section */

/* Begin PBXResourcesBuildPhase section */
		AC94EB002CDEB4EF006DA9B6 /* Resources */ = {
			isa = PBXResourcesBuildPhase;
			buildActionMask = 2147483647;
			files = (
			);
			runOnlyForDeploymentPostprocessing = 0;
		};
		AC94EB102CDEB4F6006DA9B6 /* Resources */ = {
			isa = PBXResourcesBuildPhase;
			buildActionMask = 2147483647;
			files = (
			);
			runOnlyForDeploymentPostprocessing = 0;
		};
		AC94EB1A2CDEB4F6006DA9B6 /* Resources */ = {
			isa = PBXResourcesBuildPhase;
			buildActionMask = 2147483647;
			files = (
			);
			runOnlyForDeploymentPostprocessing = 0;
		};
/* End PBXResourcesBuildPhase section */

/* Begin PBXSourcesBuildPhase section */
		AC94EAFE2CDEB4EF006DA9B6 /* Sources */ = {
			isa = PBXSourcesBuildPhase;
			buildActionMask = 2147483647;
			files = (
			);
			runOnlyForDeploymentPostprocessing = 0;
		};
		AC94EB0E2CDEB4F6006DA9B6 /* Sources */ = {
			isa = PBXSourcesBuildPhase;
			buildActionMask = 2147483647;
			files = (
			);
			runOnlyForDeploymentPostprocessing = 0;
		};
		AC94EB182CDEB4F6006DA9B6 /* Sources */ = {
			isa = PBXSourcesBuildPhase;
			buildActionMask = 2147483647;
			files = (
			);
			runOnlyForDeploymentPostprocessing = 0;
		};
/* End PBXSourcesBuildPhase section */

/* Begin PBXTargetDependency section */
		AC94EB142CDEB4F6006DA9B6 /* PBXTargetDependency */ = {
			isa = PBXTargetDependency;
			target = AC94EB012CDEB4EF006DA9B6 /* SimpleWeatherApp */;
			targetProxy = AC94EB132CDEB4F6006DA9B6 /* PBXContainerItemProxy */;
		};
		AC94EB1E2CDEB4F6006DA9B6 /* PBXTargetDependency */ = {
			isa = PBXTargetDependency;
			target = AC94EB012CDEB4EF006DA9B6 /* SimpleWeatherApp */;
			targetProxy = AC94EB1D2CDEB4F6006DA9B6 /* PBXContainerItemProxy */;
		};
/* End PBXTargetDependency section */

/* Begin XCBuildConfiguration section */
		AC94EB242CDEB4F6006DA9B6 /* Debug */ = {
			isa = XCBuildConfiguration;
			buildSettings = {
				ALWAYS_SEARCH_USER_PATHS = NO;
				ASSETCATALOG_COMPILER_GENERATE_SWIFT_ASSET_SYMBOL_EXTENSIONS = YES;
				CLANG_ANALYZER_NONNULL = YES;
				CLANG_ANALYZER_NUMBER_OBJECT_CONVERSION = YES_AGGRESSIVE;
				CLANG_CXX_LANGUAGE_STANDARD = "gnu++20";
				CLANG_ENABLE_MODULES = YES;
				CLANG_ENABLE_OBJC_ARC = YES;
				CLANG_ENABLE_OBJC_WEAK = YES;
				CLANG_WARN_BLOCK_CAPTURE_AUTORELEASING = YES;
				CLANG_WARN_BOOL_CONVERSION = YES;
				CLANG_WARN_COMMA = YES;
				CLANG_WARN_CONSTANT_CONVERSION = YES;
				CLANG_WARN_DEPRECATED_OBJC_IMPLEMENTATIONS = YES;
				CLANG_WARN_DIRECT_OBJC_ISA_USAGE = YES_ERROR;
				CLANG_WARN_DOCUMENTATION_COMMENTS = YES;
				CLANG_WARN_EMPTY_BODY = YES;
				CLANG_WARN_ENUM_CONVERSION = YES;
				CLANG_WARN_INFINITE_RECURSION = YES;
				CLANG_WARN_INT_CONVERSION = YES;
				CLANG_WARN_NON_LITERAL_NULL_CONVERSION = YES;
				CLANG_WARN_OBJC_IMPLICIT_RETAIN_SELF = YES;
				CLANG_WARN_OBJC_LITERAL_CONVERSION = YES;
				CLANG_WARN_OBJC_ROOT_CLASS = YES_ERROR;
				CLANG_WARN_QUOTED_INCLUDE_IN_FRAMEWORK_HEADER = YES;
				CLANG_WARN_RANGE_LOOP_ANALYSIS = YES;
				CLANG_WARN_STRICT_PROTOTYPES = YES;
				CLANG_WARN_SUSPICIOUS_MOVE = YES;
				CLANG_WARN_UNGUARDED_AVAILABILITY = YES_AGGRESSIVE;
				CLANG_WARN_UNREACHABLE_CODE = YES;
				CLANG_WARN__DUPLICATE_METHOD_MATCH = YES;
				COPY_PHASE_STRIP = NO;
				DEBUG_INFORMATION_FORMAT = dwarf;
				ENABLE_STRICT_OBJC_MSGSEND = YES;
				ENABLE_TESTABILITY = YES;
				ENABLE_USER_SCRIPT_SANDBOXING = YES;
				GCC_C_LANGUAGE_STANDARD = gnu17;
				GCC_DYNAMIC_NO_PIC = NO;
				GCC_NO_COMMON_BLOCKS = YES;
				GCC_OPTIMIZATION_LEVEL = 0;
				GCC_PREPROCESSOR_DEFINITIONS = (
					"DEBUG=1",
					"$(inherited)",
				);
				GCC_WARN_64_TO_32_BIT_CONVERSION = YES;
				GCC_WARN_ABOUT_RETURN_TYPE = YES_ERROR;
				GCC_WARN_UNDECLARED_SELECTOR = YES;
				GCC_WARN_UNINITIALIZED_AUTOS = YES_AGGRESSIVE;
				GCC_WARN_UNUSED_FUNCTION = YES;
				GCC_WARN_UNUSED_VARIABLE = YES;
				IPHONEOS_DEPLOYMENT_TARGET = 18.1;
				LOCALIZATION_PREFERS_STRING_CATALOGS = YES;
				MTL_ENABLE_DEBUG_INFO = INCLUDE_SOURCE;
				MTL_FAST_MATH = YES;
				ONLY_ACTIVE_ARCH = YES;
				SDKROOT = iphoneos;
				SWIFT_ACTIVE_COMPILATION_CONDITIONS = "DEBUG $(inherited)";
				SWIFT_OPTIMIZATION_LEVEL = "-Onone";
			};
			name = Debug;
		};
		AC94EB252CDEB4F6006DA9B6 /* Release */ = {
			isa = XCBuildConfiguration;
			buildSettings = {
				ALWAYS_SEARCH_USER_PATHS = NO;
				ASSETCATALOG_COMPILER_GENERATE_SWIFT_ASSET_SYMBOL_EXTENSIONS = YES;
				CLANG_ANALYZER_NONNULL = YES;
				CLANG_ANALYZER_NUMBER_OBJECT_CONVERSION = YES_AGGRESSIVE;
				CLANG_CXX_LANGUAGE_STANDARD = "gnu++20";
				CLANG_ENABLE_MODULES = YES;
				CLANG_ENABLE_OBJC_ARC = YES;
				CLANG_ENABLE_OBJC_WEAK = YES;
				CLANG_WARN_BLOCK_CAPTURE_AUTORELEASING = YES;
				CLANG_WARN_BOOL_CONVERSION = YES;
				CLANG_WARN_COMMA = YES;
				CLANG_WARN_CONSTANT_CONVERSION = YES;
				CLANG_WARN_DEPRECATED_OBJC_IMPLEMENTATIONS = YES;
				CLANG_WARN_DIRECT_OBJC_ISA_USAGE = YES_ERROR;
				CLANG_WARN_DOCUMENTATION_COMMENTS = YES;
				CLANG_WARN_EMPTY_BODY = YES;
				CLANG_WARN_ENUM_CONVERSION = YES;
				CLANG_WARN_INFINITE_RECURSION = YES;
				CLANG_WARN_INT_CONVERSION = YES;
				CLANG_WARN_NON_LITERAL_NULL_CONVERSION = YES;
				CLANG_WARN_OBJC_IMPLICIT_RETAIN_SELF = YES;
				CLANG_WARN_OBJC_LITERAL_CONVERSION = YES;
				CLANG_WARN_OBJC_ROOT_CLASS = YES_ERROR;
				CLANG_WARN_QUOTED_INCLUDE_IN_FRAMEWORK_HEADER = YES;
				CLANG_WARN_RANGE_LOOP_ANALYSIS = YES;
				CLANG_WARN_STRICT_PROTOTYPES = YES;
				CLANG_WARN_SUSPICIOUS_MOVE = YES;
				CLANG_WARN_UNGUARDED_AVAILABILITY = YES_AGGRESSIVE;
				CLANG_WARN_UNREACHABLE_CODE = YES;
				CLANG_WARN__DUPLICATE_METHOD_MATCH = YES;
				COPY_PHASE_STRIP = NO;
				DEBUG_INFORMATION_FORMAT = "dwarf-with-dsym";
				ENABLE_NS_ASSERTIONS = NO;
				ENABLE_STRICT_OBJC_MSGSEND = YES;
				ENABLE_USER_SCRIPT_SANDBOXING = YES;
				GCC_C_LANGUAGE_STANDARD = gnu17;
				GCC_NO_COMMON_BLOCKS = YES;
				GCC_WARN_64_TO_32_BIT_CONVERSION = YES;
				GCC_WARN_ABOUT_RETURN_TYPE = YES_ERROR;
				GCC_WARN_UNDECLARED_SELECTOR = YES;
				GCC_WARN_UNINITIALIZED_AUTOS = YES_AGGRESSIVE;
				GCC_WARN_UNUSED_FUNCTION = YES;
				GCC_WARN_UNUSED_VARIABLE = YES;
				IPHONEOS_DEPLOYMENT_TARGET = 18.1;
				LOCALIZATION_PREFERS_STRING_CATALOGS = YES;
				MTL_ENABLE_DEBUG_INFO = NO;
				MTL_FAST_MATH = YES;
				SDKROOT = iphoneos;
				SWIFT_COMPILATION_MODE = wholemodule;
				VALIDATE_PRODUCT = YES;
			};
			name = Release;
		};
		AC94EB272CDEB4F6006DA9B6 /* Debug */ = {
			isa = XCBuildConfiguration;
			buildSettings = {
				ASSETCATALOG_COMPILER_APPICON_NAME = AppIcon;
				ASSETCATALOG_COMPILER_GLOBAL_ACCENT_COLOR_NAME = AccentColor;
				CODE_SIGN_STYLE = Automatic;
				CURRENT_PROJECT_VERSION = 1;
				DEVELOPMENT_ASSET_PATHS = "\"SimpleWeatherApp/Preview Content\"";
				DEVELOPMENT_TEAM = MM3A7B75QR;
				ENABLE_PREVIEWS = YES;
				GENERATE_INFOPLIST_FILE = YES;
				INFOPLIST_KEY_LSApplicationCategoryType = "public.app-category.weather";
				INFOPLIST_KEY_UIApplicationSceneManifest_Generation = YES;
				INFOPLIST_KEY_UIApplicationSupportsIndirectInputEvents = YES;
				INFOPLIST_KEY_UILaunchScreen_Generation = YES;
				INFOPLIST_KEY_UISupportedInterfaceOrientations_iPad = "UIInterfaceOrientationPortrait UIInterfaceOrientationPortraitUpsideDown UIInterfaceOrientationLandscapeLeft UIInterfaceOrientationLandscapeRight";
				INFOPLIST_KEY_UISupportedInterfaceOrientations_iPhone = "UIInterfaceOrientationPortrait UIInterfaceOrientationLandscapeLeft UIInterfaceOrientationLandscapeRight";
				LD_RUNPATH_SEARCH_PATHS = (
					"$(inherited)",
					"@executable_path/Frameworks",
				);
				MARKETING_VERSION = 1.0;
				PRODUCT_BUNDLE_IDENTIFIER = RogelioLopez.SimpleWeatherApp;
				PRODUCT_NAME = "$(TARGET_NAME)";
				SWIFT_EMIT_LOC_STRINGS = YES;
				SWIFT_VERSION = 5.0;
				TARGETED_DEVICE_FAMILY = "1,2";
			};
			name = Debug;
		};
		AC94EB282CDEB4F6006DA9B6 /* Release */ = {
			isa = XCBuildConfiguration;
			buildSettings = {
				ASSETCATALOG_COMPILER_APPICON_NAME = AppIcon;
				ASSETCATALOG_COMPILER_GLOBAL_ACCENT_COLOR_NAME = AccentColor;
				CODE_SIGN_STYLE = Automatic;
				CURRENT_PROJECT_VERSION = 1;
				DEVELOPMENT_ASSET_PATHS = "\"SimpleWeatherApp/Preview Content\"";
				DEVELOPMENT_TEAM = MM3A7B75QR;
				ENABLE_PREVIEWS = YES;
				GENERATE_INFOPLIST_FILE = YES;
				INFOPLIST_KEY_LSApplicationCategoryType = "public.app-category.weather";
				INFOPLIST_KEY_UIApplicationSceneManifest_Generation = YES;
				INFOPLIST_KEY_UIApplicationSupportsIndirectInputEvents = YES;
				INFOPLIST_KEY_UILaunchScreen_Generation = YES;
				INFOPLIST_KEY_UISupportedInterfaceOrientations_iPad = "UIInterfaceOrientationPortrait UIInterfaceOrientationPortraitUpsideDown UIInterfaceOrientationLandscapeLeft UIInterfaceOrientationLandscapeRight";
				INFOPLIST_KEY_UISupportedInterfaceOrientations_iPhone = "UIInterfaceOrientationPortrait UIInterfaceOrientationLandscapeLeft UIInterfaceOrientationLandscapeRight";
				LD_RUNPATH_SEARCH_PATHS = (
					"$(inherited)",
					"@executable_path/Frameworks",
				);
				MARKETING_VERSION = 1.0;
				PRODUCT_BUNDLE_IDENTIFIER = RogelioLopez.SimpleWeatherApp;
				PRODUCT_NAME = "$(TARGET_NAME)";
				SWIFT_EMIT_LOC_STRINGS = YES;
				SWIFT_VERSION = 5.0;
				TARGETED_DEVICE_FAMILY = "1,2";
			};
			name = Release;
		};
		AC94EB2A2CDEB4F6006DA9B6 /* Debug */ = {
			isa = XCBuildConfiguration;
			buildSettings = {
				BUNDLE_LOADER = "$(TEST_HOST)";
				CODE_SIGN_STYLE = Automatic;
				CURRENT_PROJECT_VERSION = 1;
				DEVELOPMENT_TEAM = MM3A7B75QR;
				GENERATE_INFOPLIST_FILE = YES;
				IPHONEOS_DEPLOYMENT_TARGET = 18.1;
				MARKETING_VERSION = 1.0;
				PRODUCT_BUNDLE_IDENTIFIER = RogelioLopez.SimpleWeatherAppTests;
				PRODUCT_NAME = "$(TARGET_NAME)";
				SWIFT_EMIT_LOC_STRINGS = NO;
				SWIFT_VERSION = 5.0;
				TARGETED_DEVICE_FAMILY = "1,2";
				TEST_HOST = "$(BUILT_PRODUCTS_DIR)/SimpleWeatherApp.app/$(BUNDLE_EXECUTABLE_FOLDER_PATH)/SimpleWeatherApp";
			};
			name = Debug;
		};
		AC94EB2B2CDEB4F6006DA9B6 /* Release */ = {
			isa = XCBuildConfiguration;
			buildSettings = {
				BUNDLE_LOADER = "$(TEST_HOST)";
				CODE_SIGN_STYLE = Automatic;
				CURRENT_PROJECT_VERSION = 1;
				DEVELOPMENT_TEAM = MM3A7B75QR;
				GENERATE_INFOPLIST_FILE = YES;
				IPHONEOS_DEPLOYMENT_TARGET = 18.1;
				MARKETING_VERSION = 1.0;
				PRODUCT_BUNDLE_IDENTIFIER = RogelioLopez.SimpleWeatherAppTests;
				PRODUCT_NAME = "$(TARGET_NAME)";
				SWIFT_EMIT_LOC_STRINGS = NO;
				SWIFT_VERSION = 5.0;
				TARGETED_DEVICE_FAMILY = "1,2";
				TEST_HOST = "$(BUILT_PRODUCTS_DIR)/SimpleWeatherApp.app/$(BUNDLE_EXECUTABLE_FOLDER_PATH)/SimpleWeatherApp";
			};
			name = Release;
		};
		AC94EB2D2CDEB4F6006DA9B6 /* Debug */ = {
			isa = XCBuildConfiguration;
			buildSettings = {
				CODE_SIGN_STYLE = Automatic;
				CURRENT_PROJECT_VERSION = 1;
				DEVELOPMENT_TEAM = MM3A7B75QR;
				GENERATE_INFOPLIST_FILE = YES;
				MARKETING_VERSION = 1.0;
				PRODUCT_BUNDLE_IDENTIFIER = RogelioLopez.SimpleWeatherAppUITests;
				PRODUCT_NAME = "$(TARGET_NAME)";
				SWIFT_EMIT_LOC_STRINGS = NO;
				SWIFT_VERSION = 5.0;
				TARGETED_DEVICE_FAMILY = "1,2";
				TEST_TARGET_NAME = SimpleWeatherApp;
			};
			name = Debug;
		};
		AC94EB2E2CDEB4F6006DA9B6 /* Release */ = {
			isa = XCBuildConfiguration;
			buildSettings = {
				CODE_SIGN_STYLE = Automatic;
				CURRENT_PROJECT_VERSION = 1;
				DEVELOPMENT_TEAM = MM3A7B75QR;
				GENERATE_INFOPLIST_FILE = YES;
				MARKETING_VERSION = 1.0;
				PRODUCT_BUNDLE_IDENTIFIER = RogelioLopez.SimpleWeatherAppUITests;
				PRODUCT_NAME = "$(TARGET_NAME)";
				SWIFT_EMIT_LOC_STRINGS = NO;
				SWIFT_VERSION = 5.0;
				TARGETED_DEVICE_FAMILY = "1,2";
				TEST_TARGET_NAME = SimpleWeatherApp;
			};
			name = Release;
		};
/* End XCBuildConfiguration section */

/* Begin XCConfigurationList section */
		AC94EAFD2CDEB4EF006DA9B6 /* Build configuration list for PBXProject "SimpleWeatherApp" */ = {
			isa = XCConfigurationList;
			buildConfigurations = (
				AC94EB242CDEB4F6006DA9B6 /* Debug */,
				AC94EB252CDEB4F6006DA9B6 /* Release */,
			);
			defaultConfigurationIsVisible = 0;
			defaultConfigurationName = Release;
		};
		AC94EB262CDEB4F6006DA9B6 /* Build configuration list for PBXNativeTarget "SimpleWeatherApp" */ = {
			isa = XCConfigurationList;
			buildConfigurations = (
				AC94EB272CDEB4F6006DA9B6 /* Debug */,
				AC94EB282CDEB4F6006DA9B6 /* Release */,
			);
			defaultConfigurationIsVisible = 0;
			defaultConfigurationName = Release;
		};
		AC94EB292CDEB4F6006DA9B6 /* Build configuration list for PBXNativeTarget "SimpleWeatherAppTests" */ = {
			isa = XCConfigurationList;
			buildConfigurations = (
				AC94EB2A2CDEB4F6006DA9B6 /* Debug */,
				AC94EB2B2CDEB4F6006DA9B6 /* Release */,
			);
			defaultConfigurationIsVisible = 0;
			defaultConfigurationName = Release;
		};
		AC94EB2C2CDEB4F6006DA9B6 /* Build configuration list for PBXNativeTarget "SimpleWeatherAppUITests" */ = {
			isa = XCConfigurationList;
			buildConfigurations = (
				AC94EB2D2CDEB4F6006DA9B6 /* Debug */,
				AC94EB2E2CDEB4F6006DA9B6 /* Release */,
			);
			defaultConfigurationIsVisible = 0;
			defaultConfigurationName = Release;
		};
/* End XCConfigurationList section */

/* Begin XCRemoteSwiftPackageReference section */
		AC619B372D056D7A00292533 /* XCRemoteSwiftPackageReference "AlamofireImage" */ = {
			isa = XCRemoteSwiftPackageReference;
			repositoryURL = "https://github.com/Alamofire/AlamofireImage";
			requirement = {
				kind = upToNextMajorVersion;
				minimumVersion = 4.3.0;
			};
		};
/* End XCRemoteSwiftPackageReference section */

/* Begin XCSwiftPackageProductDependency section */
		AC74AFE22D05718F00F868E2 /* AlamofireImage */ = {
			isa = XCSwiftPackageProductDependency;
			package = AC619B372D056D7A00292533 /* XCRemoteSwiftPackageReference "AlamofireImage" */;
			productName = AlamofireImage;
		};
/* End XCSwiftPackageProductDependency section */
	};
	rootObject = AC94EAFA2CDEB4EF006DA9B6 /* Project object */;
}
